
Microsoft Visual Studio Solution File, Format Version 12.00
# Visual Studio 15
VisualStudioVersion = 15.0.28010.2026
MinimumVisualStudioVersion = 10.0.40219.1
Project("{2150E333-8FDC-42A3-9474-1A3956D46DE8}") = "misc", "misc", "{7F031E58-626E-41B5-AA8B-84221B8FEFBB}"
	ProjectSection(SolutionItems) = preProject
		.gitignore = .gitignore
		.gitmodules = .gitmodules
		README.md = README.md
	EndProjectSection
EndProject
Project("{2150E333-8FDC-42A3-9474-1A3956D46DE8}") = "src", "src", "{A00F5C34-652D-46A8-B1DD-3A7B9B610257}"
EndProject
Project("{8BC9CEB8-8B4A-11D0-8D11-00A0C91BC942}") = "TabletInspector", "src\TabletInspector\TabletInspector.vcxproj", "{F6CEF167-400B-4027-B1B0-CAD2D7D891CA}"
EndProject
Global
	GlobalSection(SolutionConfigurationPlatforms) = preSolution
		Debug|x64 = Debug|x64
		Debug|x86 = Debug|x86
		Release|x64 = Release|x64
		Release|x86 = Release|x86
	EndGlobalSection
	GlobalSection(ProjectConfigurationPlatforms) = postSolution
		{F6CEF167-400B-4027-B1B0-CAD2D7D891CA}.Debug|x64.ActiveCfg = Debug|x64
		{F6CEF167-400B-4027-B1B0-CAD2D7D891CA}.Debug|x64.Build.0 = Debug|x64
		{F6CEF167-400B-4027-B1B0-CAD2D7D891CA}.Debug|x86.ActiveCfg = Debug|Win32
		{F6CEF167-400B-4027-B1B0-CAD2D7D891CA}.Debug|x86.Build.0 = Debug|Win32
		{F6CEF167-400B-4027-B1B0-CAD2D7D891CA}.Release|x64.ActiveCfg = Release|x64
		{F6CEF167-400B-4027-B1B0-CAD2D7D891CA}.Release|x64.Build.0 = Release|x64
		{F6CEF167-400B-4027-B1B0-CAD2D7D891CA}.Release|x86.ActiveCfg = Release|Win32
		{F6CEF167-400B-4027-B1B0-CAD2D7D891CA}.Release|x86.Build.0 = Release|Win32
	EndGlobalSection
	GlobalSection(SolutionProperties) = preSolution
		HideSolutionNode = FALSE
	EndGlobalSection
	GlobalSection(NestedProjects) = preSolution
		{F6CEF167-400B-4027-B1B0-CAD2D7D891CA} = {A00F5C34-652D-46A8-B1DD-3A7B9B610257}
	EndGlobalSection
	GlobalSection(ExtensibilityGlobals) = postSolution
		SolutionGuid = {EFE64957-A7D9-4B17-9B10-7038CD4A1C20}
	EndGlobalSection
EndGlobal
